
Microsoft Visual Studio Solution File, Format Version 12.00
# Visual Studio Version 17
VisualStudioVersion = 17.1.32421.90
MinimumVisualStudioVersion = 10.0.40219.1
Project("{FAE04EC0-301F-11D3-BF4B-00C04F79EFBC}") = "AreaCalculation", "AreaCalculation\AreaCalculation.csproj", "{0DE8BE60-CCD7-41BE-AFC9-E4FC80D4C54E}"
EndProject
Project("{FAE04EC0-301F-11D3-BF4B-00C04F79EFBC}") = "Sandbox", "Sandbox\Sandbox.csproj", "{50C81359-9E96-46D8-BB4C-51FF29AC52DB}"
EndProject
Global
	GlobalSection(SolutionConfigurationPlatforms) = preSolution
		Debug|Any CPU = Debug|Any CPU
		Release|Any CPU = Release|Any CPU
	EndGlobalSection
	GlobalSection(ProjectConfigurationPlatforms) = postSolution
		{0DE8BE60-CCD7-41BE-AFC9-E4FC80D4C54E}.Debug|Any CPU.ActiveCfg = Debug|Any CPU
		{0DE8BE60-CCD7-41BE-AFC9-E4FC80D4C54E}.Debug|Any CPU.Build.0 = Debug|Any CPU
		{0DE8BE60-CCD7-41BE-AFC9-E4FC80D4C54E}.Release|Any CPU.ActiveCfg = Release|Any CPU
		{0DE8BE60-CCD7-41BE-AFC9-E4FC80D4C54E}.Release|Any CPU.Build.0 = Release|Any CPU
		{50C81359-9E96-46D8-BB4C-51FF29AC52DB}.Debug|Any CPU.ActiveCfg = Debug|Any CPU
		{50C81359-9E96-46D8-BB4C-51FF29AC52DB}.Debug|Any CPU.Build.0 = Debug|Any CPU
		{50C81359-9E96-46D8-BB4C-51FF29AC52DB}.Release|Any CPU.ActiveCfg = Release|Any CPU
		{50C81359-9E96-46D8-BB4C-51FF29AC52DB}.Release|Any CPU.Build.0 = Release|Any CPU
	EndGlobalSection
	GlobalSection(SolutionProperties) = preSolution
		HideSolutionNode = FALSE
	EndGlobalSection
	GlobalSection(ExtensibilityGlobals) = postSolution
		SolutionGuid = {C067AF60-043E-45A8-BB06-4159BBB8F5BF}
	EndGlobalSection
EndGlobal
